{
  "nodes": {
    "darwin": {
      "inputs": {
        "nixpkgs": [
          "nixpkgs"
        ]
      },
      "locked": {
        "lastModified": 1760338583,
        "narHash": "sha256-IGwy02SH5K2hzIFrKMRsCmyvwOwWxrcquiv4DbKL1S4=",
        "owner": "lnl7",
        "repo": "nix-darwin",
        "rev": "9a9ab01072f78823ca627ae5e895e40d493c3ecf",
        "type": "github"
      },
      "original": {
        "owner": "lnl7",
        "ref": "master",
        "repo": "nix-darwin",
        "type": "github"
      }
    },
    "disko": {
      "inputs": {
        "nixpkgs": [
          "nixpkgs"
        ]
      },
      "locked": {
        "lastModified": 1758287904,
        "narHash": "sha256-IGmaEf3Do8o5Cwp1kXBN1wQmZwQN3NLfq5t4nHtVtcU=",
        "owner": "nix-community",
        "repo": "disko",
        "rev": "67ff9807dd148e704baadbd4fd783b54282ca627",
        "type": "github"
      },
      "original": {
        "owner": "nix-community",
        "repo": "disko",
        "type": "github"
      }
    },
    "emacs-overlay": {
      "inputs": {
        "nixpkgs": [
          "nixpkgs"
        ],
        "nixpkgs-stable": [
          "nixpkgs"
        ]
      },
      "locked": {
        "lastModified": 1760432944,
        "narHash": "sha256-4OXXccXsY1sBXTXjYIthdjXLAotozSh4F8StGRuLyMQ=",
        "owner": "nix-community",
        "repo": "emacs-overlay",
        "rev": "aba8daa237dc07a3bb28a61c252a718e8eb38057",
        "type": "github"
      },
      "original": {
        "owner": "nix-community",
        "repo": "emacs-overlay",
        "type": "github"
      }
    },
    "emacsNext-src": {
      "flake": false,
      "locked": {
        "lastModified": 1760435277,
        "narHash": "sha256-fGW9MZIgSrf+YE0HMN9FfvzbPNksAQirrbtAqoSRJVk=",
        "owner": "emacs-mirror",
        "repo": "emacs",
        "rev": "bcc33e300a77750a30ab5d6aa60f1fa101f93501",
        "type": "github"
      },
      "original": {
        "owner": "emacs-mirror",
        "repo": "emacs",
        "type": "github"
      }
    },
    "flake-utils": {
      "inputs": {
        "systems": "systems"
      },
      "locked": {
        "lastModified": 1731533236,
        "narHash": "sha256-l0KFg5HjrsfsO/JpG+r7fRrqm12kzFHyUHqHCVpMMbI=",
        "owner": "numtide",
        "repo": "flake-utils",
        "rev": "11707dc2f618dd54ca8739b309ec4fc024de578b",
        "type": "github"
      },
      "original": {
        "owner": "numtide",
        "repo": "flake-utils",
        "type": "github"
      }
    },
    "home-manager": {
      "inputs": {
        "nixpkgs": [
          "nixpkgs"
        ]
      },
      "locked": {
        "lastModified": 1760312644,
        "narHash": "sha256-U9SkK45314urw9P7MmjhEgiQwwD/BTj+T3HTuz1JU1Q=",
        "owner": "nix-community",
        "repo": "home-manager",
        "rev": "e121f3773fa596ecaba5b22e518936a632d72a90",
        "type": "github"
      },
      "original": {
        "owner": "nix-community",
        "ref": "master",
        "repo": "home-manager",
        "type": "github"
      }
    },
    "nixpkgs": {
      "locked": {
        "lastModified": 1760284886,
        "narHash": "sha256-TK9Kr0BYBQ/1P5kAsnNQhmWWKgmZXwUQr4ZMjCzWf2c=",
        "owner": "NixOS",
        "repo": "nixpkgs",
        "rev": "cf3f5c4def3c7b5f1fc012b3d839575dbe552d43",
        "type": "github"
      },
      "original": {
        "owner": "NixOS",
        "ref": "nixos-unstable",
        "repo": "nixpkgs",
        "type": "github"
      }
    },
    "personal-packages": {
      "inputs": {
        "flake-utils": "flake-utils",
        "nixpkgs": [
          "nixpkgs"
        ],
        "terraform_0_13-nixpkgs": "terraform_0_13-nixpkgs",
        "terraform_0_14-nixpkgs": "terraform_0_14-nixpkgs"
      },
      "locked": {
        "lastModified": 1760353938,
        "narHash": "sha256-1NNrLZ5t2p/vsYW4/RymCifmZiOnmNZJplU3edmsg5k=",
        "owner": "fstaffa",
        "repo": "nix-packages",
        "rev": "b28ddd61b59b4fee0c40f69b1a1168f284456337",
        "type": "github"
      },
      "original": {
        "owner": "fstaffa",
        "repo": "nix-packages",
        "type": "github"
      }
    },
    "root": {
      "inputs": {
        "darwin": "darwin",
        "disko": "disko",
        "emacs-overlay": "emacs-overlay",
        "emacsNext-src": "emacsNext-src",
        "home-manager": "home-manager",
        "nixpkgs": "nixpkgs",
        "personal-packages": "personal-packages",
        "streamcontroller": "streamcontroller"
      }
    },
    "streamcontroller": {
      "flake": false,
      "locked": {
        "lastModified": 1744230157,
        "narHash": "sha256-CFJFq5DdK4nZnFs8EATbp1kw47p3NIGfUrwlEa0+Ogs=",
        "owner": "StreamController",
        "repo": "StreamController",
        "rev": "be88bad807d66c3595f19f778bf92904951919e8",
        "type": "github"
      },
      "original": {
        "owner": "StreamController",
        "repo": "StreamController",
        "rev": "be88bad807d66c3595f19f778bf92904951919e8",
        "type": "github"
      }
    },
    "systems": {
      "locked": {
        "lastModified": 1681028828,
        "narHash": "sha256-Vy1rq5AaRuLzOxct8nz4T6wlgyUR7zLU309k9mBC768=",
        "owner": "nix-systems",
        "repo": "default",
        "rev": "da67096a3b9bf56a91d16901293e51ba5b49a27e",
        "type": "github"
      },
      "original": {
        "owner": "nix-systems",
        "repo": "default",
        "type": "github"
      }
    },
    "terraform_0_13-nixpkgs": {
      "locked": {
        "lastModified": 1618859633,
        "narHash": "sha256-OyY4XZGpBmhkiAzAmHqh45V47Cjx983cWKRdL6WMdZM=",
        "owner": "NixOS",
        "repo": "nixpkgs",
        "rev": "c92ca95afb5043bc6faa0d526460584eccff2277",
        "type": "github"
      },
      "original": {
        "owner": "NixOS",
        "repo": "nixpkgs",
        "rev": "c92ca95afb5043bc6faa0d526460584eccff2277",
        "type": "github"
      }
    },
    "terraform_0_14-nixpkgs": {
      "locked": {
        "lastModified": 1653335222,
        "narHash": "sha256-iB8j9wzc6e+YUGL//RCBK+uj4Ke6JbBFylKpaC+SxNE=",
        "owner": "NixOS",
        "repo": "nixpkgs",
        "rev": "bf972dc380f36a3bf83db052380e55f0eaa7dcb6",
        "type": "github"
      },
      "original": {
        "owner": "NixOS",
        "repo": "nixpkgs",
        "rev": "bf972dc380f36a3bf83db052380e55f0eaa7dcb6",
        "type": "github"
      }
    }
  },
  "root": "root",
  "version": 7
}
