{
  "nodes": {
    "claude-code-nix": {
      "inputs": {
        "nixpkgs": "nixpkgs",
        "systems": "systems"
      },
      "locked": {
        "lastModified": 1790877775,
        "narHash": "sha256-99y6MBHLBNKhcUl4PprE5m4/ooopH8nuOCwxh8uKMCs=",
        "owner": "sadjow",
        "repo": "claude-code-nix",
        "rev": "eca59bb0000a0f3ebf7db73717ebd3838de940fe",
        "type": "github"
      },
      "original": {
        "owner": "sadjow",
        "repo": "claude-code-nix",
        "type": "github"
      }
    },
    "darwin": {
      "inputs": {
        "nixpkgs": [
          "nixpkgs"
        ]
      },
      "locked": {
        "lastModified": 1786845137,
        "narHash": "sha256-oQFip+v0luP8NIxJzmiW4Wu8bILsbFWom5l0zonl8hQ=",
        "owner": "lnl7",
        "repo": "nix-darwin",
        "rev": "4cff07de74b50e64bdd68cd4e722ab5b6b35ee48",
        "type": "github"
      },
      "original": {
        "owner": "lnl7",
        "ref": "master",
        "repo": "nix-darwin",
        "type": "github"
      }
    },
    "disko": {
      "inputs": {
        "nixpkgs": [
          "nixpkgs"
        ]
      },
      "locked": {
        "lastModified": 1789770686,
        "narHash": "sha256-uZkBR7yHdIKUFB5SZdfgh1qkGfI3XmYmI/lTiquxbck=",
        "owner": "nix-community",
        "repo": "disko",
        "rev": "725ea35e410ad83be4931d1bff7e090eacaf3563",
        "type": "github"
      },
      "original": {
        "owner": "nix-community",
        "repo": "disko",
        "type": "github"
      }
    },
    "emacs-overlay": {
      "inputs": {
        "nixpkgs": [
          "nixpkgs"
        ],
        "nixpkgs-stable": [
          "nixpkgs"
        ]
      },
      "locked": {
        "lastModified": 1790916044,
        "narHash": "sha256-sN7ufb/NmjuFy3n7bMzYILf14hS1ObIbyDzYZKSRGB4=",
        "owner": "nix-community",
        "repo": "emacs-overlay",
        "rev": "b7d303d9194603403f9e17f92f396de2ec7db936",
        "type": "github"
      },
      "original": {
        "owner": "nix-community",
        "repo": "emacs-overlay",
        "type": "github"
      }
    },
    "emacsNext-src": {
      "flake": false,
      "locked": {
        "lastModified": 1790897738,
        "narHash": "sha256-n22t3HzuJFvBBJe/BpmYD+LDb2fwcRDlLEYRcq1u6iI=",
        "owner": "emacs-mirror",
        "repo": "emacs",
        "rev": "8899f65f39219410d8b3eb84611071e48348e8bf",
        "type": "github"
      },
      "original": {
        "owner": "emacs-mirror",
        "repo": "emacs",
        "type": "github"
      }
    },
    "flake-utils": {
      "inputs": {
        "systems": "systems_2"
      },
      "locked": {
        "lastModified": 1731533236,
        "narHash": "sha256-l0KFg5HjrsfsO/JpG+r7fRrqm12kzFHyUHqHCVpMMbI=",
        "owner": "numtide",
        "repo": "flake-utils",
        "rev": "11707dc2f618dd54ca8739b309ec4fc024de578b",
        "type": "github"
      },
      "original": {
        "owner": "numtide",
        "repo": "flake-utils",
        "type": "github"
      }
    },
    "home-manager": {
      "inputs": {
        "nixpkgs": [
          "nixpkgs"
        ]
      },
      "locked": {
        "lastModified": 1790911008,
        "narHash": "sha256-r7KBcjLlw7LzuvCYUU1V50L81uf+0YgHTCnhymTwwpw=",
        "owner": "nix-community",
        "repo": "home-manager",
        "rev": "a439f71e75b94c88300022045713c790c79ba007",
        "type": "github"
      },
      "original": {
        "owner": "nix-community",
        "ref": "master",
        "repo": "home-manager",
        "type": "github"
      }
    },
    "nixpkgs": {
      "locked": {
        "lastModified": 1790652569,
        "narHash": "sha256-641r7xrlSOHYoktL9/aArPIYNgZJ9eM5URzSEOtPJDY=",
        "owner": "NixOS",
        "repo": "nixpkgs",
        "rev": "b6c8664de9b6cc07fe5666a29f91884ba81197c4",
        "type": "github"
      },
      "original": {
        "owner": "NixOS",
        "ref": "nixpkgs-unstable",
        "repo": "nixpkgs",
        "type": "github"
      }
    },
    "nixpkgs-unstable-small": {
      "locked": {
        "lastModified": 1790906795,
        "narHash": "sha256-9nr9stDb4AN1DuO5hTvT7HGoYL9sVMXTI2mEBw8PJ3I=",
        "owner": "NixOS",
        "repo": "nixpkgs",
        "rev": "6003a8c9f2b2e1f822758ed29a517049348325e3",
        "type": "github"
      },
      "original": {
        "owner": "NixOS",
        "ref": "nixos-unstable-small",
        "repo": "nixpkgs",
        "type": "github"
      }
    },
    "nixpkgs_2": {
      "locked": {
        "lastModified": 1790822859,
        "narHash": "sha256-69xHQhAeMAD2wDXO7T2pcOZIF9Sga2W+JkmY2a11Ops=",
        "owner": "NixOS",
        "repo": "nixpkgs",
        "rev": "c59305bab2065cfecc4944690d9eedbb56f3a9fa",
        "type": "github"
      },
      "original": {
        "owner": "NixOS",
        "ref": "nixos-unstable",
        "repo": "nixpkgs",
        "type": "github"
      }
    },
    "personal-packages": {
      "inputs": {
        "flake-utils": "flake-utils",
        "nixpkgs": [
          "nixpkgs"
        ],
        "terraform_0_13-nixpkgs": "terraform_0_13-nixpkgs",
        "terraform_0_14-nixpkgs": "terraform_0_14-nixpkgs"
      },
      "locked": {
        "lastModified": 1760353938,
        "narHash": "sha256-1NNrLZ5t2p/vsYW4/RymCifmZiOnmNZJplU3edmsg5k=",
        "owner": "fstaffa",
        "repo": "nix-packages",
        "rev": "b28ddd61b59b4fee0c40f69b1a1168f284456337",
        "type": "github"
      },
      "original": {
        "owner": "fstaffa",
        "repo": "nix-packages",
        "type": "github"
      }
    },
    "root": {
      "inputs": {
        "claude-code-nix": "claude-code-nix",
        "darwin": "darwin",
        "disko": "disko",
        "emacs-overlay": "emacs-overlay",
        "emacsNext-src": "emacsNext-src",
        "home-manager": "home-manager",
        "nixpkgs": "nixpkgs_2",
        "nixpkgs-unstable-small": "nixpkgs-unstable-small",
        "personal-packages": "personal-packages",
        "streamcontroller": "streamcontroller"
      }
    },
    "streamcontroller": {
      "flake": false,
      "locked": {
        "lastModified": 1744230157,
        "narHash": "sha256-CFJFq5DdK4nZnFs8EATbp1kw47p3NIGfUrwlEa0+Ogs=",
        "owner": "StreamController",
        "repo": "StreamController",
        "rev": "be88bad807d66c3595f19f778bf92904951919e8",
        "type": "github"
      },
      "original": {
        "owner": "StreamController",
        "repo": "StreamController",
        "rev": "be88bad807d66c3595f19f778bf92904951919e8",
        "type": "github"
      }
    },
    "systems": {
      "locked": {
        "lastModified": 1681028828,
        "narHash": "sha256-Vy1rq5AaRuLzOxct8nz4T6wlgyUR7zLU309k9mBC768=",
        "owner": "nix-systems",
        "repo": "default",
        "rev": "da67096a3b9bf56a91d16901293e51ba5b49a27e",
        "type": "github"
      },
      "original": {
        "owner": "nix-systems",
        "repo": "default",
        "type": "github"
      }
    },
    "systems_2": {
      "locked": {
        "lastModified": 1681028828,
        "narHash": "sha256-Vy1rq5AaRuLzOxct8nz4T6wlgyUR7zLU309k9mBC768=",
        "owner": "nix-systems",
        "repo": "default",
        "rev": "da67096a3b9bf56a91d16901293e51ba5b49a27e",
        "type": "github"
      },
      "original": {
        "owner": "nix-systems",
        "repo": "default",
        "type": "github"
      }
    },
    "terraform_0_13-nixpkgs": {
      "locked": {
        "lastModified": 1618859633,
        "narHash": "sha256-OyY4XZGpBmhkiAzAmHqh45V47Cjx983cWKRdL6WMdZM=",
        "owner": "NixOS",
        "repo": "nixpkgs",
        "rev": "c92ca95afb5043bc6faa0d526460584eccff2277",
        "type": "github"
      },
      "original": {
        "owner": "NixOS",
        "repo": "nixpkgs",
        "rev": "c92ca95afb5043bc6faa0d526460584eccff2277",
        "type": "github"
      }
    },
    "terraform_0_14-nixpkgs": {
      "locked": {
        "lastModified": 1653335222,
        "narHash": "sha256-iB8j9wzc6e+YUGL//RCBK+uj4Ke6JbBFylKpaC+SxNE=",
        "owner": "NixOS",
        "repo": "nixpkgs",
        "rev": "bf972dc380f36a3bf83db052380e55f0eaa7dcb6",
        "type": "github"
      },
      "original": {
        "owner": "NixOS",
        "repo": "nixpkgs",
        "rev": "bf972dc380f36a3bf83db052380e55f0eaa7dcb6",
        "type": "github"
      }
    }
  },
  "root": "root",
  "version": 7
}
