{
  "nodes": {
    "claude-code-nix": {
      "inputs": {
        "nixpkgs": "nixpkgs",
        "systems": "systems"
      },
      "locked": {
        "lastModified": 1791399799,
        "narHash": "sha256-OA4FQegGDTcdXsiBjQsrtgmTlY//pdTjmlCAw7lNPYg=",
        "owner": "sadjow",
        "repo": "claude-code-nix",
        "rev": "a7d0e55859b355f2010a89e99d85999b681562b5",
        "type": "github"
      },
      "original": {
        "owner": "sadjow",
        "repo": "claude-code-nix",
        "type": "github"
      }
    },
    "darwin": {
      "inputs": {
        "nixpkgs": [
          "nixpkgs"
        ]
      },
      "locked": {
        "lastModified": 1786845137,
        "narHash": "sha256-oQFip+v0luP8NIxJzmiW4Wu8bILsbFWom5l0zonl8hQ=",
        "owner": "lnl7",
        "repo": "nix-darwin",
        "rev": "4cff07de74b50e64bdd68cd4e722ab5b6b35ee48",
        "type": "github"
      },
      "original": {
        "owner": "lnl7",
        "ref": "master",
        "repo": "nix-darwin",
        "type": "github"
      }
    },
    "disko": {
      "inputs": {
        "nixpkgs": [
          "nixpkgs"
        ]
      },
      "locked": {
        "lastModified": 1789770686,
        "narHash": "sha256-uZkBR7yHdIKUFB5SZdfgh1qkGfI3XmYmI/lTiquxbck=",
        "owner": "nix-community",
        "repo": "disko",
        "rev": "725ea35e410ad83be4931d1bff7e090eacaf3563",
        "type": "github"
      },
      "original": {
        "owner": "nix-community",
        "repo": "disko",
        "type": "github"
      }
    },
    "emacs-overlay": {
      "inputs": {
        "nixpkgs": [
          "nixpkgs"
        ],
        "nixpkgs-stable": [
          "nixpkgs"
        ]
      },
      "locked": {
        "lastModified": 1791434307,
        "narHash": "sha256-3qIxd3W8aL/tfRo3he2/wovXC16hGTWFJAAlpEXhaCQ=",
        "owner": "nix-community",
        "repo": "emacs-overlay",
        "rev": "76a310687e969a4a28250ee5d63eb4af02928b78",
        "type": "github"
      },
      "original": {
        "owner": "nix-community",
        "repo": "emacs-overlay",
        "type": "github"
      }
    },
    "emacsNext-src": {
      "flake": false,
      "locked": {
        "lastModified": 1791421689,
        "narHash": "sha256-ticp8X8HNB2LRxHeqQMyFj1FUJBgH2llE8onHPjJ+DA=",
        "owner": "emacs-mirror",
        "repo": "emacs",
        "rev": "6d14004c581982231bd959f586c5c835ef347256",
        "type": "github"
      },
      "original": {
        "owner": "emacs-mirror",
        "repo": "emacs",
        "type": "github"
      }
    },
    "flake-utils": {
      "inputs": {
        "systems": "systems_2"
      },
      "locked": {
        "lastModified": 1731533236,
        "narHash": "sha256-l0KFg5HjrsfsO/JpG+r7fRrqm12kzFHyUHqHCVpMMbI=",
        "owner": "numtide",
        "repo": "flake-utils",
        "rev": "11707dc2f618dd54ca8739b309ec4fc024de578b",
        "type": "github"
      },
      "original": {
        "owner": "numtide",
        "repo": "flake-utils",
        "type": "github"
      }
    },
    "home-manager": {
      "inputs": {
        "nixpkgs": [
          "nixpkgs"
        ]
      },
      "locked": {
        "lastModified": 1791306979,
        "narHash": "sha256-KuLePuhwJM9NLt/gTLHzXaOoSZKGoB3m7NfXjiQ98HY=",
        "owner": "nix-community",
        "repo": "home-manager",
        "rev": "fae6e9e42c3b762ab47635cddcfaf6f52374a61b",
        "type": "github"
      },
      "original": {
        "owner": "nix-community",
        "ref": "master",
        "repo": "home-manager",
        "type": "github"
      }
    },
    "nixpkgs": {
      "locked": {
        "lastModified": 1791336361,
        "narHash": "sha256-o9ZUW4SlEAvFPIyJWnqChhOT/VHpHg8TAvEgmqK1fSI=",
        "owner": "NixOS",
        "repo": "nixpkgs",
        "rev": "7dd199b0e2993e37b4775ed66b1c291699608c9f",
        "type": "github"
      },
      "original": {
        "owner": "NixOS",
        "ref": "nixpkgs-unstable",
        "repo": "nixpkgs",
        "type": "github"
      }
    },
    "nixpkgs-unstable-small": {
      "locked": {
        "lastModified": 1791382735,
        "narHash": "sha256-dx6/1y2hjnWUsRUDpYrKgCCsu5hV24c26Hy91NCtK/I=",
        "owner": "NixOS",
        "repo": "nixpkgs",
        "rev": "4164d3e0cab491e0973dd503757a4da25466f073",
        "type": "github"
      },
      "original": {
        "owner": "NixOS",
        "ref": "nixos-unstable-small",
        "repo": "nixpkgs",
        "type": "github"
      }
    },
    "nixpkgs_2": {
      "locked": {
        "lastModified": 1791260994,
        "narHash": "sha256-Miqqk/ammqnTUxaoCyvtwoPeLbI1ksFyLxi/CazZpWY=",
        "owner": "NixOS",
        "repo": "nixpkgs",
        "rev": "151fa4e8ddfdd8dd25d945ad94ed54a13de9f6e4",
        "type": "github"
      },
      "original": {
        "owner": "NixOS",
        "ref": "nixos-unstable",
        "repo": "nixpkgs",
        "type": "github"
      }
    },
    "personal-packages": {
      "inputs": {
        "flake-utils": "flake-utils",
        "nixpkgs": [
          "nixpkgs"
        ],
        "terraform_0_13-nixpkgs": "terraform_0_13-nixpkgs",
        "terraform_0_14-nixpkgs": "terraform_0_14-nixpkgs"
      },
      "locked": {
        "lastModified": 1760353938,
        "narHash": "sha256-1NNrLZ5t2p/vsYW4/RymCifmZiOnmNZJplU3edmsg5k=",
        "owner": "fstaffa",
        "repo": "nix-packages",
        "rev": "b28ddd61b59b4fee0c40f69b1a1168f284456337",
        "type": "github"
      },
      "original": {
        "owner": "fstaffa",
        "repo": "nix-packages",
        "type": "github"
      }
    },
    "root": {
      "inputs": {
        "claude-code-nix": "claude-code-nix",
        "darwin": "darwin",
        "disko": "disko",
        "emacs-overlay": "emacs-overlay",
        "emacsNext-src": "emacsNext-src",
        "home-manager": "home-manager",
        "nixpkgs": "nixpkgs_2",
        "nixpkgs-unstable-small": "nixpkgs-unstable-small",
        "personal-packages": "personal-packages",
        "streamcontroller": "streamcontroller"
      }
    },
    "streamcontroller": {
      "flake": false,
      "locked": {
        "lastModified": 1744230157,
        "narHash": "sha256-CFJFq5DdK4nZnFs8EATbp1kw47p3NIGfUrwlEa0+Ogs=",
        "owner": "StreamController",
        "repo": "StreamController",
        "rev": "be88bad807d66c3595f19f778bf92904951919e8",
        "type": "github"
      },
      "original": {
        "owner": "StreamController",
        "repo": "StreamController",
        "rev": "be88bad807d66c3595f19f778bf92904951919e8",
        "type": "github"
      }
    },
    "systems": {
      "locked": {
        "lastModified": 1791244623,
        "narHash": "sha256-uuanbkFk8a313Zfrxdcz8Us/yQtaxNnKJtX8v0ZPpd8=",
        "owner": "nix-systems",
        "repo": "default",
        "rev": "d36eeed142f88b5a636f2e3856a53c61654cf29b",
        "type": "github"
      },
      "original": {
        "owner": "nix-systems",
        "repo": "default",
        "type": "github"
      }
    },
    "systems_2": {
      "locked": {
        "lastModified": 1681028828,
        "narHash": "sha256-Vy1rq5AaRuLzOxct8nz4T6wlgyUR7zLU309k9mBC768=",
        "owner": "nix-systems",
        "repo": "default",
        "rev": "da67096a3b9bf56a91d16901293e51ba5b49a27e",
        "type": "github"
      },
      "original": {
        "owner": "nix-systems",
        "repo": "default",
        "type": "github"
      }
    },
    "terraform_0_13-nixpkgs": {
      "locked": {
        "lastModified": 1618859633,
        "narHash": "sha256-OyY4XZGpBmhkiAzAmHqh45V47Cjx983cWKRdL6WMdZM=",
        "owner": "NixOS",
        "repo": "nixpkgs",
        "rev": "c92ca95afb5043bc6faa0d526460584eccff2277",
        "type": "github"
      },
      "original": {
        "owner": "NixOS",
        "repo": "nixpkgs",
        "rev": "c92ca95afb5043bc6faa0d526460584eccff2277",
        "type": "github"
      }
    },
    "terraform_0_14-nixpkgs": {
      "locked": {
        "lastModified": 1653335222,
        "narHash": "sha256-iB8j9wzc6e+YUGL//RCBK+uj4Ke6JbBFylKpaC+SxNE=",
        "owner": "NixOS",
        "repo": "nixpkgs",
        "rev": "bf972dc380f36a3bf83db052380e55f0eaa7dcb6",
        "type": "github"
      },
      "original": {
        "owner": "NixOS",
        "repo": "nixpkgs",
        "rev": "bf972dc380f36a3bf83db052380e55f0eaa7dcb6",
        "type": "github"
      }
    }
  },
  "root": "root",
  "version": 7
}
